
Microsoft Visual Studio Solution File, Format Version 12.00
# Visual Studio Version 17
VisualStudioVersion = 17.9.34728.123
MinimumVisualStudioVersion = 10.0.40219.1
Project("{FAE04EC0-301F-11D3-BF4B-00C04F79EFBC}") = "TheGambler", "TheGambler.csproj", "{DCF87383-0EC3-47B5-AE65-CA2EF50F716E}"
EndProject
Global
	GlobalSection(SolutionConfigurationPlatforms) = preSolution
		Debug|Any CPU = Debug|Any CPU
		Release|Any CPU = Release|Any CPU
	EndGlobalSection
	GlobalSection(ProjectConfigurationPlatforms) = postSolution
		{DCF87383-0EC3-47B5-AE65-CA2EF50F716E}.Debug|Any CPU.ActiveCfg = Debug|Any CPU
		{DCF87383-0EC3-47B5-AE65-CA2EF50F716E}.Debug|Any CPU.Build.0 = Debug|Any CPU
		{DCF87383-0EC3-47B5-AE65-CA2EF50F716E}.Release|Any CPU.ActiveCfg = Release|Any CPU
		{DCF87383-0EC3-47B5-AE65-CA2EF50F716E}.Release|Any CPU.Build.0 = Release|Any CPU
	EndGlobalSection
	GlobalSection(SolutionProperties) = preSolution
		HideSolutionNode = FALSE
	EndGlobalSection
	GlobalSection(ExtensibilityGlobals) = postSolution
		SolutionGuid = {EAEBB2E5-8D31-4235-823D-28D806C5F658}
	EndGlobalSection
EndGlobal
